// !$*UTF8*$!
{
	archiveVersion = 1;
	classes = {
	};
	objectVersion = 46;
	objects = {

/* Begin PBXBuildFile section */
		A8DEC8FD1BBEDBB000968851 /* main.m in Sources */ = {isa = PBXBuildFile; fileRef = A8DEC8FC1BBEDBB000968851 /* main.m */; };
		A8DEC9001BBEDBB000968851 /* AppDelegate.m in Sources */ = {isa = PBXBuildFile; fileRef = A8DEC8FF1BBEDBB000968851 /* AppDelegate.m */; };
		A8DEC9031BBEDBB000968851 /* ViewController.m in Sources */ = {isa = PBXBuildFile; fileRef = A8DEC9021BBEDBB000968851 /* ViewController.m */; };
		A8DEC9061BBEDBB000968851 /* Main.storyboard in Resources */ = {isa = PBXBuildFile; fileRef = A8DEC9041BBEDBB000968851 /* Main.storyboard */; };
		A8DEC9081BBEDBB000968851 /* Assets.xcassets in Resources */ = {isa = PBXBuildFile; fileRef = A8DEC9071BBEDBB000968851 /* Assets.xcassets */; };
		A8DEC90B1BBEDBB000968851 /* LaunchScreen.storyboard in Resources */ = {isa = PBXBuildFile; fileRef = A8DEC9091BBEDBB000968851 /* LaunchScreen.storyboard */; };
		A8DEC9161BBEDBB000968851 /* LinkPreviewCustomActionsUITests.m in Sources */ = {isa = PBXBuildFile; fileRef = A8DEC9151BBEDBB000968851 /* LinkPreviewCustomActionsUITests.m */; };
		A8DEC9221BBEDE2000968851 /* SFSafariViewController+IPCustomActions.m in Sources */ = {isa = PBXBuildFile; fileRef = A8DEC9211BBEDE2000968851 /* SFSafariViewController+IPCustomActions.m */; settings = {ASSET_TAGS = (); }; };
/* End PBXBuildFile section */

/* Begin PBXContainerItemProxy section */
		A8DEC9121BBEDBB000968851 /* PBXContainerItemProxy */ = {
			isa = PBXContainerItemProxy;
			containerPortal = A8DEC8F01BBEDBB000968851 /* Project object */;
			proxyType = 1;
			remoteGlobalIDString = A8DEC8F71BBEDBB000968851;
			remoteInfo = LinkPreviewCustomActions;
		};
/* End PBXContainerItemProxy section */

/* Begin PBXFileReference section */
		A8DEC8F81BBEDBB000968851 /* LinkPreviewCustomActions.app */ = {isa = PBXFileReference; explicitFileType = wrapper.application; includeInIndex = 0; path = LinkPreviewCustomActions.app; sourceTree = BUILT_PRODUCTS_DIR; };
		A8DEC8FC1BBEDBB000968851 /* main.m */ = {isa = PBXFileReference; lastKnownFileType = sourcecode.c.objc; path = main.m; sourceTree = "<group>"; };
		A8DEC8FE1BBEDBB000968851 /* AppDelegate.h */ = {isa = PBXFileReference; lastKnownFileType = sourcecode.c.h; path = AppDelegate.h; sourceTree = "<group>"; };
		A8DEC8FF1BBEDBB000968851 /* AppDelegate.m */ = {isa = PBXFileReference; lastKnownFileType = sourcecode.c.objc; path = AppDelegate.m; sourceTree = "<group>"; };
		A8DEC9011BBEDBB000968851 /* ViewController.h */ = {isa = PBXFileReference; lastKnownFileType = sourcecode.c.h; path = ViewController.h; sourceTree = "<group>"; };
		A8DEC9021BBEDBB000968851 /* ViewController.m */ = {isa = PBXFileReference; lastKnownFileType = sourcecode.c.objc; path = ViewController.m; sourceTree = "<group>"; };
		A8DEC9051BBEDBB000968851 /* Base */ = {isa = PBXFileReference; lastKnownFileType = file.storyboard; name = Base; path = Base.lproj/Main.storyboard; sourceTree = "<group>"; };
		A8DEC9071BBEDBB000968851 /* Assets.xcassets */ = {isa = PBXFileReference; lastKnownFileType = folder.assetcatalog; path = Assets.xcassets; sourceTree = "<group>"; };
		A8DEC90A1BBEDBB000968851 /* Base */ = {isa = PBXFileReference; lastKnownFileType = file.storyboard; name = Base; path = Base.lproj/LaunchScreen.storyboard; sourceTree = "<group>"; };
		A8DEC90C1BBEDBB000968851 /* Info.plist */ = {isa = PBXFileReference; lastKnownFileType = text.plist.xml; path = Info.plist; sourceTree = "<group>"; };
		A8DEC9111BBEDBB000968851 /* LinkPreviewCustomActionsUITests.xctest */ = {isa = PBXFileReference; explicitFileType = wrapper.cfbundle; includeInIndex = 0; path = LinkPreviewCustomActionsUITests.xctest; sourceTree = BUILT_PRODUCTS_DIR; };
		A8DEC9151BBEDBB000968851 /* LinkPreviewCustomActionsUITests.m */ = {isa = PBXFileReference; lastKnownFileType = sourcecode.c.objc; path = LinkPreviewCustomActionsUITests.m; sourceTree = "<group>"; };
		A8DEC9171BBEDBB000968851 /* Info.plist */ = {isa = PBXFileReference; lastKnownFileType = text.plist.xml; path = Info.plist; sourceTree = "<group>"; };
		A8DEC9201BBEDE2000968851 /* SFSafariViewController+IPCustomActions.h */ = {isa = PBXFileReference; fileEncoding = 4; lastKnownFileType = sourcecode.c.h; path = "SFSafariViewController+IPCustomActions.h"; sourceTree = "<group>"; };
		A8DEC9211BBEDE2000968851 /* SFSafariViewController+IPCustomActions.m */ = {isa = PBXFileReference; fileEncoding = 4; lastKnownFileType = sourcecode.c.objc; path = "SFSafariViewController+IPCustomActions.m"; sourceTree = "<group>"; };
/* End PBXFileReference section */

/* Begin PBXFrameworksBuildPhase section */
		A8DEC8F51BBEDBB000968851 /* Frameworks */ = {
			isa = PBXFrameworksBuildPhase;
			buildActionMask = 2147483647;
			files = (
			);
			runOnlyForDeploymentPostprocessing = 0;
		};
		A8DEC90E1BBEDBB000968851 /* Frameworks */ = {
			isa = PBXFrameworksBuildPhase;
			buildActionMask = 2147483647;
			files = (
			);
			runOnlyForDeploymentPostprocessing = 0;
		};
/* End PBXFrameworksBuildPhase section */

/* Begin PBXGroup section */
		A8DEC8EF1BBEDBB000968851 = {
			isa = PBXGroup;
			children = (
				A8DEC8FA1BBEDBB000968851 /* LinkPreviewCustomActions */,
				A8DEC9141BBEDBB000968851 /* LinkPreviewCustomActionsUITests */,
				A8DEC8F91BBEDBB000968851 /* Products */,
			);
			sourceTree = "<group>";
		};
		A8DEC8F91BBEDBB000968851 /* Products */ = {
			isa = PBXGroup;
			children = (
				A8DEC8F81BBEDBB000968851 /* LinkPreviewCustomActions.app */,
				A8DEC9111BBEDBB000968851 /* LinkPreviewCustomActionsUITests.xctest */,
			);
			name = Products;
			sourceTree = "<group>";
		};
		A8DEC8FA1BBEDBB000968851 /* LinkPreviewCustomActions */ = {
			isa = PBXGroup;
			children = (
				A8DEC8FE1BBEDBB000968851 /* AppDelegate.h */,
				A8DEC8FF1BBEDBB000968851 /* AppDelegate.m */,
				A8DEC9011BBEDBB000968851 /* ViewController.h */,
				A8DEC9021BBEDBB000968851 /* ViewController.m */,
				A8DEC9201BBEDE2000968851 /* SFSafariViewController+IPCustomActions.h */,
				A8DEC9211BBEDE2000968851 /* SFSafariViewController+IPCustomActions.m */,
				A8DEC9041BBEDBB000968851 /* Main.storyboard */,
				A8DEC9071BBEDBB000968851 /* Assets.xcassets */,
				A8DEC9091BBEDBB000968851 /* LaunchScreen.storyboard */,
				A8DEC90C1BBEDBB000968851 /* Info.plist */,
				A8DEC8FB1BBEDBB000968851 /* Supporting Files */,
			);
			path = LinkPreviewCustomActions;
			sourceTree = "<group>";
		};
		A8DEC8FB1BBEDBB000968851 /* Supporting Files */ = {
			isa = PBXGroup;
			children = (
				A8DEC8FC1BBEDBB000968851 /* main.m */,
			);
			name = "Supporting Files";
			sourceTree = "<group>";
		};
		A8DEC9141BBEDBB000968851 /* LinkPreviewCustomActionsUITests */ = {
			isa = PBXGroup;
			children = (
				A8DEC9151BBEDBB000968851 /* LinkPreviewCustomActionsUITests.m */,
				A8DEC9171BBEDBB000968851 /* Info.plist */,
			);
			path = LinkPreviewCustomActionsUITests;
			sourceTree = "<group>";
		};
/* End PBXGroup section */

/* Begin PBXNativeTarget section */
		A8DEC8F71BBEDBB000968851 /* LinkPreviewCustomActions */ = {
			isa = PBXNativeTarget;
			buildConfigurationList = A8DEC91A1BBEDBB000968851 /* Build configuration list for PBXNativeTarget "LinkPreviewCustomActions" */;
			buildPhases = (
				A8DEC8F41BBEDBB000968851 /* Sources */,
				A8DEC8F51BBEDBB000968851 /* Frameworks */,
				A8DEC8F61BBEDBB000968851 /* Resources */,
			);
			buildRules = (
			);
			dependencies = (
			);
			name = LinkPreviewCustomActions;
			productName = LinkPreviewCustomActions;
			productReference = A8DEC8F81BBEDBB000968851 /* LinkPreviewCustomActions.app */;
			productType = "com.apple.product-type.application";
		};
		A8DEC9101BBEDBB000968851 /* LinkPreviewCustomActionsUITests */ = {
			isa = PBXNativeTarget;
			buildConfigurationList = A8DEC91D1BBEDBB000968851 /* Build configuration list for PBXNativeTarget "LinkPreviewCustomActionsUITests" */;
			buildPhases = (
				A8DEC90D1BBEDBB000968851 /* Sources */,
				A8DEC90E1BBEDBB000968851 /* Frameworks */,
				A8DEC90F1BBEDBB000968851 /* Resources */,
			);
			buildRules = (
			);
			dependencies = (
				A8DEC9131BBEDBB000968851 /* PBXTargetDependency */,
			);
			name = LinkPreviewCustomActionsUITests;
			productName = LinkPreviewCustomActionsUITests;
			productReference = A8DEC9111BBEDBB000968851 /* LinkPreviewCustomActionsUITests.xctest */;
			productType = "com.apple.product-type.bundle.ui-testing";
		};
/* End PBXNativeTarget section */

/* Begin PBXProject section */
		A8DEC8F01BBEDBB000968851 /* Project object */ = {
			isa = PBXProject;
			attributes = {
				LastUpgradeCheck = 0700;
				ORGANIZATIONNAME = "Instapaper Holdings, Inc.";
				TargetAttributes = {
					A8DEC8F71BBEDBB000968851 = {
						CreatedOnToolsVersion = 7.0;
						DevelopmentTeam = CAM49M58WK;
					};
					A8DEC9101BBEDBB000968851 = {
						CreatedOnToolsVersion = 7.0;
						TestTargetID = A8DEC8F71BBEDBB000968851;
					};
				};
			};
			buildConfigurationList = A8DEC8F31BBEDBB000968851 /* Build configuration list for PBXProject "LinkPreviewCustomActions" */;
			compatibilityVersion = "Xcode 3.2";
			developmentRegion = English;
			hasScannedForEncodings = 0;
			knownRegions = (
				en,
				Base,
			);
			mainGroup = A8DEC8EF1BBEDBB000968851;
			productRefGroup = A8DEC8F91BBEDBB000968851 /* Products */;
			projectDirPath = "";
			projectRoot = "";
			targets = (
				A8DEC8F71BBEDBB000968851 /* LinkPreviewCustomActions */,
				A8DEC9101BBEDBB000968851 /* LinkPreviewCustomActionsUITests */,
			);
		};
/* End PBXProject section */

/* Begin PBXResourcesBuildPhase section */
		A8DEC8F61BBEDBB000968851 /* Resources */ = {
			isa = PBXResourcesBuildPhase;
			buildActionMask = 2147483647;
			files = (
				A8DEC90B1BBEDBB000968851 /* LaunchScreen.storyboard in Resources */,
				A8DEC9081BBEDBB000968851 /* Assets.xcassets in Resources */,
				A8DEC9061BBEDBB000968851 /* Main.storyboard in Resources */,
			);
			runOnlyForDeploymentPostprocessing = 0;
		};
		A8DEC90F1BBEDBB000968851 /* Resources */ = {
			isa = PBXResourcesBuildPhase;
			buildActionMask = 2147483647;
			files = (
			);
			runOnlyForDeploymentPostprocessing = 0;
		};
/* End PBXResourcesBuildPhase section */

/* Begin PBXSourcesBuildPhase section */
		A8DEC8F41BBEDBB000968851 /* Sources */ = {
			isa = PBXSourcesBuildPhase;
			buildActionMask = 2147483647;
			files = (
				A8DEC9031BBEDBB000968851 /* ViewController.m in Sources */,
				A8DEC9221BBEDE2000968851 /* SFSafariViewController+IPCustomActions.m in Sources */,
				A8DEC9001BBEDBB000968851 /* AppDelegate.m in Sources */,
				A8DEC8FD1BBEDBB000968851 /* main.m in Sources */,
			);
			runOnlyForDeploymentPostprocessing = 0;
		};
		A8DEC90D1BBEDBB000968851 /* Sources */ = {
			isa = PBXSourcesBuildPhase;
			buildActionMask = 2147483647;
			files = (
				A8DEC9161BBEDBB000968851 /* LinkPreviewCustomActionsUITests.m in Sources */,
			);
			runOnlyForDeploymentPostprocessing = 0;
		};
/* End PBXSourcesBuildPhase section */

/* Begin PBXTargetDependency section */
		A8DEC9131BBEDBB000968851 /* PBXTargetDependency */ = {
			isa = PBXTargetDependency;
			target = A8DEC8F71BBEDBB000968851 /* LinkPreviewCustomActions */;
			targetProxy = A8DEC9121BBEDBB000968851 /* PBXContainerItemProxy */;
		};
/* End PBXTargetDependency section */

/* Begin PBXVariantGroup section */
		A8DEC9041BBEDBB000968851 /* Main.storyboard */ = {
			isa = PBXVariantGroup;
			children = (
				A8DEC9051BBEDBB000968851 /* Base */,
			);
			name = Main.storyboard;
			sourceTree = "<group>";
		};
		A8DEC9091BBEDBB000968851 /* LaunchScreen.storyboard */ = {
			isa = PBXVariantGroup;
			children = (
				A8DEC90A1BBEDBB000968851 /* Base */,
			);
			name = LaunchScreen.storyboard;
			sourceTree = "<group>";
		};
/* End PBXVariantGroup section */

/* Begin XCBuildConfiguration section */
		A8DEC9181BBEDBB000968851 /* Debug */ = {
			isa = XCBuildConfiguration;
			buildSettings = {
				ALWAYS_SEARCH_USER_PATHS = NO;
				CLANG_CXX_LANGUAGE_STANDARD = "gnu++0x";
				CLANG_CXX_LIBRARY = "libc++";
				CLANG_ENABLE_MODULES = YES;
				CLANG_ENABLE_OBJC_ARC = YES;
				CLANG_WARN_BOOL_CONVERSION = YES;
				CLANG_WARN_CONSTANT_CONVERSION = YES;
				CLANG_WARN_DIRECT_OBJC_ISA_USAGE = YES_ERROR;
				CLANG_WARN_EMPTY_BODY = YES;
				CLANG_WARN_ENUM_CONVERSION = YES;
				CLANG_WARN_INT_CONVERSION = YES;
				CLANG_WARN_OBJC_ROOT_CLASS = YES_ERROR;
				CLANG_WARN_UNREACHABLE_CODE = YES;
				CLANG_WARN__DUPLICATE_METHOD_MATCH = YES;
				"CODE_SIGN_IDENTITY[sdk=iphoneos*]" = "iPhone Developer";
				COPY_PHASE_STRIP = NO;
				DEBUG_INFORMATION_FORMAT = dwarf;
				ENABLE_STRICT_OBJC_MSGSEND = YES;
				ENABLE_TESTABILITY = YES;
				GCC_C_LANGUAGE_STANDARD = gnu99;
				GCC_DYNAMIC_NO_PIC = NO;
				GCC_NO_COMMON_BLOCKS = YES;
				GCC_OPTIMIZATION_LEVEL = 0;
				GCC_PREPROCESSOR_DEFINITIONS = (
					"DEBUG=1",
					"$(inherited)",
				);
				GCC_WARN_64_TO_32_BIT_CONVERSION = YES;
				GCC_WARN_ABOUT_RETURN_TYPE = YES_ERROR;
				GCC_WARN_UNDECLARED_SELECTOR = YES;
				GCC_WARN_UNINITIALIZED_AUTOS = YES_AGGRESSIVE;
				GCC_WARN_UNUSED_FUNCTION = YES;
				GCC_WARN_UNUSED_VARIABLE = YES;
				IPHONEOS_DEPLOYMENT_TARGET = 9.0;
				MTL_ENABLE_DEBUG_INFO = YES;
				ONLY_ACTIVE_ARCH = YES;
				SDKROOT = iphoneos;
			};
			name = Debug;
		};
		A8DEC9191BBEDBB000968851 /* Release */ = {
			isa = XCBuildConfiguration;
			buildSettings = {
				ALWAYS_SEARCH_USER_PATHS = NO;
				CLANG_CXX_LANGUAGE_STANDARD = "gnu++0x";
				CLANG_CXX_LIBRARY = "libc++";
				CLANG_ENABLE_MODULES = YES;
				CLANG_ENABLE_OBJC_ARC = YES;
				CLANG_WARN_BOOL_CONVERSION = YES;
				CLANG_WARN_CONSTANT_CONVERSION = YES;
				CLANG_WARN_DIRECT_OBJC_ISA_USAGE = YES_ERROR;
				CLANG_WARN_EMPTY_BODY = YES;
				CLANG_WARN_ENUM_CONVERSION = YES;
				CLANG_WARN_INT_CONVERSION = YES;
				CLANG_WARN_OBJC_ROOT_CLASS = YES_ERROR;
				CLANG_WARN_UNREACHABLE_CODE = YES;
				CLANG_WARN__DUPLICATE_METHOD_MATCH = YES;
				"CODE_SIGN_IDENTITY[sdk=iphoneos*]" = "iPhone Developer";
				COPY_PHASE_STRIP = NO;
				DEBUG_INFORMATION_FORMAT = "dwarf-with-dsym";
				ENABLE_NS_ASSERTIONS = NO;
				ENABLE_STRICT_OBJC_MSGSEND = YES;
				GCC_C_LANGUAGE_STANDARD = gnu99;
				GCC_NO_COMMON_BLOCKS = YES;
				GCC_WARN_64_TO_32_BIT_CONVERSION = YES;
				GCC_WARN_ABOUT_RETURN_TYPE = YES_ERROR;
				GCC_WARN_UNDECLARED_SELECTOR = YES;
				GCC_WARN_UNINITIALIZED_AUTOS = YES_AGGRESSIVE;
				GCC_WARN_UNUSED_FUNCTION = YES;
				GCC_WARN_UNUSED_VARIABLE = YES;
				IPHONEOS_DEPLOYMENT_TARGET = 9.0;
				MTL_ENABLE_DEBUG_INFO = NO;
				SDKROOT = iphoneos;
				VALIDATE_PRODUCT = YES;
			};
			name = Release;
		};
		A8DEC91B1BBEDBB000968851 /* Debug */ = {
			isa = XCBuildConfiguration;
			buildSettings = {
				ASSETCATALOG_COMPILER_APPICON_NAME = AppIcon;
				CODE_SIGN_IDENTITY = "iPhone Developer";
				"CODE_SIGN_IDENTITY[sdk=iphoneos*]" = "iPhone Developer";
				INFOPLIST_FILE = LinkPreviewCustomActions/Info.plist;
				LD_RUNPATH_SEARCH_PATHS = "$(inherited) @executable_path/Frameworks";
				PRODUCT_BUNDLE_IDENTIFIER = com.instapaper.LinkPreviewCustomActions;
				PRODUCT_NAME = "$(TARGET_NAME)";
				PROVISIONING_PROFILE = "";
			};
			name = Debug;
		};
		A8DEC91C1BBEDBB000968851 /* Release */ = {
			isa = XCBuildConfiguration;
			buildSettings = {
				ASSETCATALOG_COMPILER_APPICON_NAME = AppIcon;
				CODE_SIGN_IDENTITY = "iPhone Developer";
				"CODE_SIGN_IDENTITY[sdk=iphoneos*]" = "iPhone Developer";
				INFOPLIST_FILE = LinkPreviewCustomActions/Info.plist;
				LD_RUNPATH_SEARCH_PATHS = "$(inherited) @executable_path/Frameworks";
				PRODUCT_BUNDLE_IDENTIFIER = com.instapaper.LinkPreviewCustomActions;
				PRODUCT_NAME = "$(TARGET_NAME)";
				PROVISIONING_PROFILE = "";
			};
			name = Release;
		};
		A8DEC91E1BBEDBB000968851 /* Debug */ = {
			isa = XCBuildConfiguration;
			buildSettings = {
				INFOPLIST_FILE = LinkPreviewCustomActionsUITests/Info.plist;
				LD_RUNPATH_SEARCH_PATHS = "$(inherited) @executable_path/Frameworks @loader_path/Frameworks";
				PRODUCT_BUNDLE_IDENTIFIER = com.instapaper.LinkPreviewCustomActionsUITests;
				PRODUCT_NAME = "$(TARGET_NAME)";
				TEST_TARGET_NAME = LinkPreviewCustomActions;
				USES_XCTRUNNER = YES;
			};
			name = Debug;
		};
		A8DEC91F1BBEDBB000968851 /* Release */ = {
			isa = XCBuildConfiguration;
			buildSettings = {
				INFOPLIST_FILE = LinkPreviewCustomActionsUITests/Info.plist;
				LD_RUNPATH_SEARCH_PATHS = "$(inherited) @executable_path/Frameworks @loader_path/Frameworks";
				PRODUCT_BUNDLE_IDENTIFIER = com.instapaper.LinkPreviewCustomActionsUITests;
				PRODUCT_NAME = "$(TARGET_NAME)";
				TEST_TARGET_NAME = LinkPreviewCustomActions;
				USES_XCTRUNNER = YES;
			};
			name = Release;
		};
/* End XCBuildConfiguration section */

/* Begin XCConfigurationList section */
		A8DEC8F31BBEDBB000968851 /* Build configuration list for PBXProject "LinkPreviewCustomActions" */ = {
			isa = XCConfigurationList;
			buildConfigurations = (
				A8DEC9181BBEDBB000968851 /* Debug */,
				A8DEC9191BBEDBB000968851 /* Release */,
			);
			defaultConfigurationIsVisible = 0;
			defaultConfigurationName = Release;
		};
		A8DEC91A1BBEDBB000968851 /* Build configuration list for PBXNativeTarget "LinkPreviewCustomActions" */ = {
			isa = XCConfigurationList;
			buildConfigurations = (
				A8DEC91B1BBEDBB000968851 /* Debug */,
				A8DEC91C1BBEDBB000968851 /* Release */,
			);
			defaultConfigurationIsVisible = 0;
		};
		A8DEC91D1BBEDBB000968851 /* Build configuration list for PBXNativeTarget "LinkPreviewCustomActionsUITests" */ = {
			isa = XCConfigurationList;
			buildConfigurations = (
				A8DEC91E1BBEDBB000968851 /* Debug */,
				A8DEC91F1BBEDBB000968851 /* Release */,
			);
			defaultConfigurationIsVisible = 0;
		};
/* End XCConfigurationList section */
	};
	rootObject = A8DEC8F01BBEDBB000968851 /* Project object */;
}
